
Microsoft Visual Studio Solution File, Format Version 12.00
# Visual Studio 15
VisualStudioVersion = 15.0.28010.2046
MinimumVisualStudioVersion = 10.0.40219.1
Project("{FAE04EC0-301F-11D3-BF4B-00C04F79EFBC}") = "MvvmTools", "MvvmTools\MvvmTools.csproj", "{33246693-0E7F-47AB-AA0E-CDE72FB68E06}"
EndProject
Global
	GlobalSection(SolutionConfigurationPlatforms) = preSolution
		Debug|Any CPU = Debug|Any CPU
		Release|Any CPU = Release|Any CPU
	EndGlobalSection
	GlobalSection(ProjectConfigurationPlatforms) = postSolution
		{33246693-0E7F-47AB-AA0E-CDE72FB68E06}.Debug|Any CPU.ActiveCfg = Debug|Any CPU
		{33246693-0E7F-47AB-AA0E-CDE72FB68E06}.Debug|Any CPU.Build.0 = Debug|Any CPU
		{33246693-0E7F-47AB-AA0E-CDE72FB68E06}.Release|Any CPU.ActiveCfg = Release|Any CPU
		{33246693-0E7F-47AB-AA0E-CDE72FB68E06}.Release|Any CPU.Build.0 = Release|Any CPU
	EndGlobalSection
	GlobalSection(SolutionProperties) = preSolution
		HideSolutionNode = FALSE
	EndGlobalSection
	GlobalSection(ExtensibilityGlobals) = postSolution
		SolutionGuid = {2D49CDA7-AA52-417B-B12D-544C838C4F1E}
	EndGlobalSection
EndGlobal
